
Microsoft Visual Studio Solution File, Format Version 12.00
# Visual Studio Version 17
VisualStudioVersion = 17.14.36518.9 d17.14
MinimumVisualStudioVersion = 10.0.40219.1
Project("{FAE04EC0-301F-11D3-BF4B-00C04F79EFBC}") = "WebPresentation", "WebPresentation\WebPresentation.csproj", "{4F63DF02-491B-4254-AC79-3916562FC8CA}"
EndProject
Project("{FAE04EC0-301F-11D3-BF4B-00C04F79EFBC}") = "DAL", "DAL\DAL.csproj", "{E771C2E6-5EFA-4728-90A4-E84B8B57CE3D}"
EndProject
Project("{FAE04EC0-301F-11D3-BF4B-00C04F79EFBC}") = "BAL", "BAL\BAL.csproj", "{B6D96880-9718-45A9-B6C0-AAA98E6C97B8}"
EndProject
Global
	GlobalSection(SolutionConfigurationPlatforms) = preSolution
		Debug|Any CPU = Debug|Any CPU
		Release|Any CPU = Release|Any CPU
	EndGlobalSection
	GlobalSection(ProjectConfigurationPlatforms) = postSolution
		{4F63DF02-491B-4254-AC79-3916562FC8CA}.Debug|Any CPU.ActiveCfg = Debug|Any CPU
		{4F63DF02-491B-4254-AC79-3916562FC8CA}.Debug|Any CPU.Build.0 = Debug|Any CPU
		{4F63DF02-491B-4254-AC79-3916562FC8CA}.Release|Any CPU.ActiveCfg = Release|Any CPU
		{4F63DF02-491B-4254-AC79-3916562FC8CA}.Release|Any CPU.Build.0 = Release|Any CPU
		{E771C2E6-5EFA-4728-90A4-E84B8B57CE3D}.Debug|Any CPU.ActiveCfg = Debug|Any CPU
		{E771C2E6-5EFA-4728-90A4-E84B8B57CE3D}.Debug|Any CPU.Build.0 = Debug|Any CPU
		{E771C2E6-5EFA-4728-90A4-E84B8B57CE3D}.Release|Any CPU.ActiveCfg = Release|Any CPU
		{E771C2E6-5EFA-4728-90A4-E84B8B57CE3D}.Release|Any CPU.Build.0 = Release|Any CPU
		{B6D96880-9718-45A9-B6C0-AAA98E6C97B8}.Debug|Any CPU.ActiveCfg = Debug|Any CPU
		{B6D96880-9718-45A9-B6C0-AAA98E6C97B8}.Debug|Any CPU.Build.0 = Debug|Any CPU
		{B6D96880-9718-45A9-B6C0-AAA98E6C97B8}.Release|Any CPU.ActiveCfg = Release|Any CPU
		{B6D96880-9718-45A9-B6C0-AAA98E6C97B8}.Release|Any CPU.Build.0 = Release|Any CPU
	EndGlobalSection
	GlobalSection(SolutionProperties) = preSolution
		HideSolutionNode = FALSE
	EndGlobalSection
	GlobalSection(ExtensibilityGlobals) = postSolution
		SolutionGuid = {B24C3E93-3700-4D26-B968-5DDE02C05B61}
	EndGlobalSection
EndGlobal
